
Microsoft Visual Studio Solution File, Format Version 12.00
# Visual Studio Version 16
VisualStudioVersion = 16.0.31424.327
MinimumVisualStudioVersion = 10.0.40219.1
Project("{FAE04EC0-301F-11D3-BF4B-00C04F79EFBC}") = "ToDoListManager", "ToDoListManager\ToDoListManager.csproj", "{15BC9C2E-2056-4943-9E84-775E1514BAFB}"
EndProject
Global
	GlobalSection(SolutionConfigurationPlatforms) = preSolution
		Debug|Any CPU = Debug|Any CPU
		Release|Any CPU = Release|Any CPU
	EndGlobalSection
	GlobalSection(ProjectConfigurationPlatforms) = postSolution
		{15BC9C2E-2056-4943-9E84-775E1514BAFB}.Debug|Any CPU.ActiveCfg = Debug|Any CPU
		{15BC9C2E-2056-4943-9E84-775E1514BAFB}.Debug|Any CPU.Build.0 = Debug|Any CPU
		{15BC9C2E-2056-4943-9E84-775E1514BAFB}.Release|Any CPU.ActiveCfg = Release|Any CPU
		{15BC9C2E-2056-4943-9E84-775E1514BAFB}.Release|Any CPU.Build.0 = Release|Any CPU
	EndGlobalSection
	GlobalSection(SolutionProperties) = preSolution
		HideSolutionNode = FALSE
	EndGlobalSection
	GlobalSection(ExtensibilityGlobals) = postSolution
		SolutionGuid = {BDEC1571-8AD0-4FFA-BC73-AB2CF5A51633}
	EndGlobalSection
EndGlobal
